<?xml version="1.0" encoding="utf-8"?>
<Project ToolsVersion="4.0" xmlns="http://schemas.microsoft.com/developer/msbuild/2003">
  <ItemGroup>
    <Filter Include="Source Files">
      <UniqueIdentifier>{4FC737F1-C7A5-4376-A066-2A32D752A2FF}</UniqueIdentifier>
      <Extensions>cpp;c;cc;cxx;c++;cppm;ixx;def;odl;idl;hpj;bat;asm;asmx</Extensions>
    </Filter>
    <Filter Include="Header Files">
      <UniqueIdentifier>{93995380-89BD-4b04-88EB-625FBE52EBFB}</UniqueIdentifier>
      <Extensions>h;hh;hpp;hxx;h++;hm;inl;inc;ipp;xsd</Extensions>
    </Filter>
    <Filter Include="Resource Files">
      <UniqueIdentifier>{67DA6AB6-F800-4c08-8B7A-83BB121AAD01}</UniqueIdentifier>
      <Extensions>rc;ico;cur;bmp;dlg;rc2;rct;bin;rgs;gif;jpg;jpeg;jpe;resx;tiff;tif;png;wav;mfcribbon-ms</Extensions>
    </Filter>
  </ItemGroup>
  <ItemGroup>
    <ClCompile Include="class private and public.cpp">
      <Filter>Source Files</Filter>
    </ClCompile>
    <ClCompile Include="recap and nesting of member funcs.cpp">
      <Filter>Source Files</Filter>
    </ClCompile>
    <ClCompile Include="swap values.cpp">
      <Filter>Source Files</Filter>
    </ClCompile>
    <ClCompile Include="Swap values func .cpp">
      <Filter>Source Files</Filter>
    </ClCompile>
    <ClCompile Include="single inheritance.cpp">
      <Filter>Source Files</Filter>
    </ClCompile>
    <ClCompile Include="single inheritance two.cpp">
      <Filter>Source Files</Filter>
    </ClCompile>
    <ClCompile Include="protected modifiers.cpp">
      <Filter>Source Files</Filter>
    </ClCompile>
    <ClCompile Include="multilevel inheritance.cpp">
      <Filter>Source Files</Filter>
    </ClCompile>
    <ClCompile Include="lab five oops.cpp">
      <Filter>Source Files</Filter>
    </ClCompile>
    <ClCompile Include="multiple inheritance.cpp">
      <Filter>Source Files</Filter>
    </ClCompile>
    <ClCompile Include="exercise.cpp">
      <Filter>Source Files</Filter>
    </ClCompile>
    <ClCompile Include="ambiguity resolution in inheritance.cpp">
      <Filter>Source Files</Filter>
    </ClCompile>
    <ClCompile Include="virtual base class.cpp">
      <Filter>Source Files</Filter>
    </ClCompile>
    <ClCompile Include="constructor in derived classes.cpp">
      <Filter>Source Files</Filter>
    </ClCompile>
    <ClCompile Include="initialization list in constructor.cpp">
      <Filter>Source Files</Filter>
    </ClCompile>
    <ClCompile Include="pointers.cpp">
      <Filter>Source Files</Filter>
    </ClCompile>
    <ClCompile Include="pointer to objects and arrow optr.cpp">
      <Filter>Source Files</Filter>
    </ClCompile>
    <ClCompile Include="array of objs using pointers.cpp">
      <Filter>Source Files</Filter>
    </ClCompile>
    <ClCompile Include="this pointer.cpp">
      <Filter>Source Files</Filter>
    </ClCompile>
    <ClCompile Include="pointer derived class.cpp">
      <Filter>Source Files</Filter>
    </ClCompile>
    <ClCompile Include="virtual functions.cpp">
      <Filter>Source Files</Filter>
    </ClCompile>
    <ClCompile Include="virtual funcs examples.cpp">
      <Filter>Source Files</Filter>
    </ClCompile>
    <ClCompile Include="file write and read.cpp">
      <Filter>Source Files</Filter>
    </ClCompile>
    <ClCompile Include="write and read file in same program.cpp">
      <Filter>Source Files</Filter>
    </ClCompile>
    <ClCompile Include="open and eof.cpp">
      <Filter>Source Files</Filter>
    </ClCompile>
    <ClCompile Include="template in cpp.cpp">
      <Filter>Source Files</Filter>
    </ClCompile>
    <ClCompile Include="templates.cpp">
      <Filter>Source Files</Filter>
    </ClCompile>
    <ClCompile Include="templates with miltiple parameters.cpp">
      <Filter>Source Files</Filter>
    </ClCompile>
    <ClCompile Include="template with default parameters.cpp">
      <Filter>Source Files</Filter>
    </ClCompile>
    <ClCompile Include="function template with parameters.cpp">
      <Filter>Source Files</Filter>
    </ClCompile>
    <ClCompile Include="template function overloading.cpp">
      <Filter>Source Files</Filter>
    </ClCompile>
    <ClCompile Include="vectors.cpp">
      <Filter>Source Files</Filter>
    </ClCompile>
    <ClCompile Include="maps.cpp">
      <Filter>Source Files</Filter>
    </ClCompile>
    <ClCompile Include="lists.cpp">
      <Filter>Source Files</Filter>
    </ClCompile>
  </ItemGroup>
</Project>